lockfileVersion: 5.4

specifiers:
  camelcase: ^7.0.0

dependencies:
  camelcase: 7.0.0

packages:
  /camelcase/7.0.0:
    resolution:
      {
        integrity: sha512-JToIvOmz6nhGsUhAYScbo2d6Py5wojjNfoxoc2mEVLUdJ70gJK2gnd+ABY1Tc3sVMyK7QDPtN0T/XdlCQWITyQ==,
      }
    engines: { node: '>=14.16' }
    dev: false
