# This file is generated by running "yarn install" inside your project.
# Manual changes might be lost - proceed with caution!

__metadata:
  version: 6
  cacheKey: 8

"camelcase@npm:^7.0.0":
  version: 7.0.0
  resolution: "camelcase@npm:7.0.0"
  checksum: 162d59607b3b46e910af151348d5e40af579048a5d07f3c06370b096ca0d42ba4a88bd92cf4e3482645ba1ffdd6f744d8273c1b9594e493fc10883d54adf7cbe
  languageName: node
  linkType: hard

"test-yarn3@workspace:.":
  version: 0.0.0-use.local
  resolution: "yarn-3-pnpm@workspace:."
  dependencies:
    camelcase: ^7.0.0
  languageName: unknown
  linkType: soft
