# This file is generated by running "yarn install" inside your project.
# Manual changes might be lost - proceed with caution!

__metadata:
  version: 6
  cacheKey: 8

"import-from@npm:^4.0.0":
  version: 4.0.0
  resolution: "import-from@npm:4.0.0"
  checksum: 1fa29c05b048da18914e91d9a529e5d9b91774bebbfab10e53f59bcc1667917672b971cf102fee857f142e5e433ce69fa1f0a596e1c7d82f9947a5ec352694b9
  languageName: node
  linkType: hard

"resolve-cwd@npm:^3.0.0":
  version: 3.0.0
  resolution: "resolve-cwd@npm:3.0.0"
  dependencies:
    resolve-from: ^5.0.0
  checksum: 546e0816012d65778e580ad62b29e975a642989108d9a3c5beabfb2304192fa3c9f9146fbdfe213563c6ff51975ae41bac1d3c6e047dd9572c94863a057b4d81
  languageName: node
  linkType: hard

"resolve-from@npm:^5.0.0":
  version: 5.0.0
  resolution: "resolve-from@npm:5.0.0"
  checksum: 4ceeb9113e1b1372d0cd969f3468fa042daa1dd9527b1b6bb88acb6ab55d8b9cd65dbf18819f9f9ddf0db804990901dcdaade80a215e7b2c23daae38e64f5bdf
  languageName: node
  linkType: hard