# THIS IS AN AUTOGENERATED FILE. DO NOT EDIT THIS FILE DIRECTLY.
# yarn lockfile v1


import-cwd@^3.0.0:
  version "3.0.0"
  resolved "https://registry.yarnpkg.com/import-cwd/-/import-cwd-3.0.0.tgz#20845547718015126ea9b3676b7592fb8bd4cf92"
  integrity sha512-4pnzH16plW+hgvRECbDWpQl3cqtvSofHWh44met7ESfZ8UZOWWddm8hEyDTqREJ9RbYHY8gi8DqmaelApoOGMg==
  dependencies:
    import-from "^3.0.0"

import-from@^3.0.0:
  version "3.0.0"
  resolved "https://registry.yarnpkg.com/import-from/-/import-from-3.0.0.tgz#055cfec38cd5a27d8057ca51376d7d3bf0891966"
  integrity sha512-CiuXOFFSzkU5x/CR0+z7T91Iht4CXgfCxVOFRhh2Zyhg5wOpWvvDLQUsWl+gcN+QscYBjez8hDCt85O7RLDttQ==
  dependencies:
    resolve-from "^5.0.0"

resolve-from@^5.0.0:
  version "5.0.0"
  resolved "https://registry.yarnpkg.com/resolve-from/-/resolve-from-5.0.0.tgz#c35225843df8f776df21c57557bc087e9dfdfc69"
  integrity sha512-qYg9KP24dD5qka9J47d0aVky0N+b4fTU89LN9iDnjB5waksiC49rvMB0PrUJQGoTmH50XPiqOvAjDfaijGxYZw==
